
Microsoft Visual Studio Solution File, Format Version 12.00
# Visual Studio 15
VisualStudioVersion = 15.0.28307.779
MinimumVisualStudioVersion = 10.0.40219.1
Project("{FAE04EC0-301F-11D3-BF4B-00C04F79EFBC}") = "WinFormButtonNav", "WinFormButtonNav\WinFormButtonNav.csproj", "{831B9BF2-77A1-42C8-BE33-17474FB36287}"
EndProject
Global
	GlobalSection(SolutionConfigurationPlatforms) = preSolution
		Debug|Any CPU = Debug|Any CPU
		Release|Any CPU = Release|Any CPU
	EndGlobalSection
	GlobalSection(ProjectConfigurationPlatforms) = postSolution
		{831B9BF2-77A1-42C8-BE33-17474FB36287}.Debug|Any CPU.ActiveCfg = Debug|Any CPU
		{831B9BF2-77A1-42C8-BE33-17474FB36287}.Debug|Any CPU.Build.0 = Debug|Any CPU
		{831B9BF2-77A1-42C8-BE33-17474FB36287}.Release|Any CPU.ActiveCfg = Release|Any CPU
		{831B9BF2-77A1-42C8-BE33-17474FB36287}.Release|Any CPU.Build.0 = Release|Any CPU
	EndGlobalSection
	GlobalSection(SolutionProperties) = preSolution
		HideSolutionNode = FALSE
	EndGlobalSection
	GlobalSection(ExtensibilityGlobals) = postSolution
		SolutionGuid = {9F4FBA07-A306-40CD-8577-7DBF64468C95}
	EndGlobalSection
EndGlobal
